
Microsoft Visual Studio Solution File, Format Version 12.00
# Visual Studio Version 17
VisualStudioVersion = 17.6.33815.320
MinimumVisualStudioVersion = 10.0.40219.1
Project("{FAE04EC0-301F-11D3-BF4B-00C04F79EFBC}") = "inheritance", "inheritance.csproj", "{1C747085-2354-431B-89EF-AE82F52926E6}"
EndProject
Global
	GlobalSection(SolutionConfigurationPlatforms) = preSolution
		Debug|Any CPU = Debug|Any CPU
		Release|Any CPU = Release|Any CPU
	EndGlobalSection
	GlobalSection(ProjectConfigurationPlatforms) = postSolution
		{1C747085-2354-431B-89EF-AE82F52926E6}.Debug|Any CPU.ActiveCfg = Debug|Any CPU
		{1C747085-2354-431B-89EF-AE82F52926E6}.Debug|Any CPU.Build.0 = Debug|Any CPU
		{1C747085-2354-431B-89EF-AE82F52926E6}.Release|Any CPU.ActiveCfg = Release|Any CPU
		{1C747085-2354-431B-89EF-AE82F52926E6}.Release|Any CPU.Build.0 = Release|Any CPU
	EndGlobalSection
	GlobalSection(SolutionProperties) = preSolution
		HideSolutionNode = FALSE
	EndGlobalSection
	GlobalSection(ExtensibilityGlobals) = postSolution
		SolutionGuid = {2C349CC0-BC6D-44C0-AD36-3303F6DF565D}
	EndGlobalSection
EndGlobal
